{
    "hash": "214ebc2da62148174efec59c57c7f485",
    "packages": [
        {
            "package": "doctrine/common",
            "version": "2.3.x-dev",
            "source-reference": "bb0aebbf234db52df476a2b473d434745b34221c",
            "commit-date": "1348120518"
        },
        {
            "package": "doctrine/data-fixtures",
            "version": "dev-master",
            "source-reference": "b29bad9738fada9486961f60542f2d2d77c7b501",
            "commit-date": "1348136794"
        },
        {
            "package": "doctrine/dbal",
            "version": "2.3.x-dev",
            "source-reference": "fdc866a37959e43620e4f7ec519dc7dd8e30fc5b",
            "commit-date": "1348120597"
        },
        {
            "package": "doctrine/doctrine-module",
            "version": "dev-master",
            "source-reference": "95c23d204ce6604d0a8e10a2e9a10ab791ac290f",
            "commit-date": "1348215686"
        },
        {
            "package": "doctrine/doctrine-orm-module",
            "version": "dev-master",
            "source-reference": "3666f2a476ba319eb97323577e9e1d0380b99d94",
            "commit-date": "1346877566"
        },
        {
            "package": "doctrine/migrations",
            "version": "dev-master",
            "source-reference": "3dd738b2a709f4d5185c144292189c6e708ca37d",
            "commit-date": "1348090059"
        },
        {
            "package": "doctrine/orm",
            "version": "2.3.x-dev",
            "source-reference": "ea2b28857830720460a345c80c6e7d3f6adae93a",
            "commit-date": "1348121015"
        },
        {
            "package": "symfony/console",
            "version": "v2.1.2"
        },
        {
            "package": "zendframework/zendframework",
            "version": "dev-master",
            "alias-pretty-version": "2.0.x-dev",
            "alias-version": "2.0.9999999.9999999-dev"
        },
        {
            "package": "zendframework/zendframework",
            "version": "dev-master",
            "source-reference": "release-2.0.0rc1",
            "commit-date": "1343248155"
        }
    ],
    "packages-dev": null,
    "aliases": [

    ],
    "minimum-stability": "stable",
    "stability-flags": {
        "doctrine/data-fixtures": 20,
        "doctrine/common": 20,
        "doctrine/doctrine-module": 20,
        "doctrine/migrations": 20,
        "doctrine/dbal": 20,
        "doctrine/orm": 20,
        "doctrine/doctrine-orm-module": 20
    }
}
